hash: a4bb7b2b02c6741bb88b62c9ccca03dec2481d24c1cf603cf5002cdcee21826d
updated: 2019-03-03T22:33:32.476695+05:30
imports:
- name: github.com/alecthomas/units
  version: 2efee857e7cfd4f3d0138cc3cbb1b4966962b93a
- name: github.com/ant0ine/go-json-rest
  version: cab770813df3db97a11bd04239ac1890c3caf188
  repo: https://github.com/asac/go-json-rest
  vcs: git
  subpackages:
  - rest
  - rest/trie
- name: github.com/asaskevich/govalidator
  version: 73945b6115bfbbcc57d89b7316e28109364124e1
- name: github.com/aws/aws-sdk-go
  version: bff41fb23b7550368282029f6478819d6a99ae0f
  subpackages:
  - aws
  - aws/session
  - service/s3
- name: github.com/dgrijalva/jwt-go
  version: 01aeca54ebda6e0fbfafd0a524d234159c05ec20
- name: github.com/dustinkirkland/golang-petname
  version: d3c2ba80e75eeef10c5cf2fc76d2c809637376b3
- name: github.com/fatih/structs
  version: 878a968ab22548362a09bdb3322f98b00f470d46
- name: github.com/fluent/fluent-logger-golang
  version: 90f0f02707011b560ad1982ded9e6ead151198d4
  subpackages:
  - fluent
- name: github.com/fundapps/go-json-rest-middleware-jwt
  version: 262c4123a0bdec07c20cedd92f7867fcdf8701a3
- name: github.com/gibson042/canonicaljson-go
  version: 53c2489e9cef6411013b4a2fcec5eace9bf17dae
- name: github.com/go-resty/resty
  version: 9ac9c42358f7c3c69ac9f8610e8790d7c338e85d
- name: github.com/go-stack/stack
  version: 2fee6af1a9795aafbe0253a0cfbdf668e1fb8a9a
- name: github.com/golang/snappy
  version: 2a8bb927dd31d8daada140a5d09578521ce5c36a
- name: github.com/mailru/easyjson
  version: 6243d8e04c3f819e79757e8bc3faa15c3cb27003
  subpackages:
  - buffer
  - jlexer
  - jwriter
- name: github.com/miolini/datacounter
  version: fd4e42a1d5e0d2714f16caf92f9c64215bf957ce
- name: github.com/mongodb/mongo-go-driver
  version: 29905d4bda472574c8b499e2f93b5b2747d8fbd7
  subpackages:
  - bson
  - bson/bsoncodec
  - bson/bsonrw
  - bson/bsontype
  - bson/primitive
  - event
  - internal
  - mongo
  - mongo/options
  - mongo/readconcern
  - mongo/readpref
  - mongo/writeconcern
  - tag
  - version
  - x/bsonx
  - x/bsonx/bsoncore
  - x/mongo/driver
  - x/mongo/driver/auth
  - x/mongo/driver/auth/internal/gssapi
  - x/mongo/driver/session
  - x/mongo/driver/topology
  - x/mongo/driver/uuid
  - x/network/address
  - x/network/command
  - x/network/compressor
  - x/network/connection
  - x/network/connstring
  - x/network/description
  - x/network/result
  - x/network/wiremessage
- name: github.com/philhofer/fwd
  version: bb6d471dc95d4fe11e432687f8b70ff496cf3136
- name: github.com/pkg/errors
  version: e881fd58d78e04cf6d0de1217f8707c8cc2249bc
- name: github.com/rs/cors
  version: 76f58f330d76a55c5badc74f6212e8a15e742c77
- name: github.com/tinylib/msgp
  version: f65876d3ea05943d6613bca6b8ed391843044bd4
  subpackages:
  - msgp
- name: github.com/xdg/scram
  version: 7eeb5667e42c09cb51bf7b7c28aea8c56767da90
- name: github.com/xdg/stringprep
  version: 73f8eece6fdcd902c185bf651de50f3828bed5ed
- name: gitlab.com/pantacor/pvr
  version: 2471bbad7a659b2c6bbbbda485460dc3398b56f4
  subpackages:
  - api
- name: gitlab.com/pantacor/pvr.git
  version: 16997ebde0fbcc9e54a8ac453a1bd6408bb086a0
  subpackages:
  - api
- name: golang.org/x/crypto
  version: 8dd112bcdc25174059e45e07517d9fc663123347
  subpackages:
  - pbkdf2
- name: golang.org/x/net
  version: d866cfc389cec985d6fda2859936a575a55a3ab6
  subpackages:
  - publicsuffix
- name: golang.org/x/sync
  version: e225da77a7e68af35c70ccbf71af2b83e6acac3c
  subpackages:
  - semaphore
- name: golang.org/x/text
  version: d14c52b222ee852cdba8b07206ca0c614b389876
  subpackages:
  - transform
  - unicode/norm
- name: gopkg.in/mailgun/mailgun-go.v1
  version: 28c45085c063854b83107df6cf37ad8f88462105
- name: gopkg.in/mgo.v2
  version: 9856a29383ce1c59f308dd1cf0363a79b5bef6b5
  subpackages:
  - bson
  - internal/json
  - internal/sasl
  - internal/scram
- name: gopkg.in/olivere/elastic.v5
  version: 2a49cd32474903f20e8a6c2feae0f37e0e5a74cd
  subpackages:
  - config
  - uritemplates
testImports: []
